
Microsoft Visual Studio Solution File, Format Version 12.00
# Visual Studio Version 17
VisualStudioVersion = 17.4.33205.214
MinimumVisualStudioVersion = 10.0.40219.1
Project("{FAE04EC0-301F-11D3-BF4B-00C04F79EFBC}") = "Tutorial30", "Tutorial30\Tutorial30.csproj", "{83E8F705-4E15-4772-BBBD-960C1951413D}"
EndProject
Global
	GlobalSection(SolutionConfigurationPlatforms) = preSolution
		Debug|Any CPU = Debug|Any CPU
		Release|Any CPU = Release|Any CPU
	EndGlobalSection
	GlobalSection(ProjectConfigurationPlatforms) = postSolution
		{83E8F705-4E15-4772-BBBD-960C1951413D}.Debug|Any CPU.ActiveCfg = Debug|Any CPU
		{83E8F705-4E15-4772-BBBD-960C1951413D}.Debug|Any CPU.Build.0 = Debug|Any CPU
		{83E8F705-4E15-4772-BBBD-960C1951413D}.Release|Any CPU.ActiveCfg = Release|Any CPU
		{83E8F705-4E15-4772-BBBD-960C1951413D}.Release|Any CPU.Build.0 = Release|Any CPU
	EndGlobalSection
	GlobalSection(SolutionProperties) = preSolution
		HideSolutionNode = FALSE
	EndGlobalSection
	GlobalSection(ExtensibilityGlobals) = postSolution
		SolutionGuid = {253D2987-83E9-4F4C-86C8-5EAC4E7FB557}
	EndGlobalSection
EndGlobal
